
Microsoft Visual Studio Solution File, Format Version 12.00
# Visual Studio Version 17
VisualStudioVersion = 17.7.34221.43
MinimumVisualStudioVersion = 10.0.40219.1
Project("{FAE04EC0-301F-11D3-BF4B-00C04F79EFBC}") = "Calculator", "Calculator\Calculator.csproj", "{5937636B-5444-416C-A77B-EEF4F061FBDC}"
EndProject
Global
	GlobalSection(SolutionConfigurationPlatforms) = preSolution
		Debug|Any CPU = Debug|Any CPU
		Release|Any CPU = Release|Any CPU
	EndGlobalSection
	GlobalSection(ProjectConfigurationPlatforms) = postSolution
		{5937636B-5444-416C-A77B-EEF4F061FBDC}.Debug|Any CPU.ActiveCfg = Debug|Any CPU
		{5937636B-5444-416C-A77B-EEF4F061FBDC}.Debug|Any CPU.Build.0 = Debug|Any CPU
		{5937636B-5444-416C-A77B-EEF4F061FBDC}.Release|Any CPU.ActiveCfg = Release|Any CPU
		{5937636B-5444-416C-A77B-EEF4F061FBDC}.Release|Any CPU.Build.0 = Release|Any CPU
	EndGlobalSection
	GlobalSection(SolutionProperties) = preSolution
		HideSolutionNode = FALSE
	EndGlobalSection
	GlobalSection(ExtensibilityGlobals) = postSolution
		SolutionGuid = {405E0A73-1D43-4F36-AFF7-F547C347920A}
	EndGlobalSection
EndGlobal
